
Microsoft Visual Studio Solution File, Format Version 12.00
# Visual Studio Version 16
VisualStudioVersion = 16.0.29209.152
MinimumVisualStudioVersion = 10.0.40219.1
Project("{FAE04EC0-301F-11D3-BF4B-00C04F79EFBC}") = "System.Collections.Generic.One", "One\System.Collections.Generic.One.csproj", "{A0625413-8BAC-4E13-9120-A27B634C2164}"
EndProject
Project("{FAE04EC0-301F-11D3-BF4B-00C04F79EFBC}") = "Tests", "Tests\Tests.csproj", "{F83A3B4E-5FBA-4482-93EE-5FFB458EB39B}"
EndProject
Global
	GlobalSection(SolutionConfigurationPlatforms) = preSolution
		Debug|Any CPU = Debug|Any CPU
		Release|Any CPU = Release|Any CPU
	EndGlobalSection
	GlobalSection(ProjectConfigurationPlatforms) = postSolution
		{A0625413-8BAC-4E13-9120-A27B634C2164}.Debug|Any CPU.ActiveCfg = Debug|Any CPU
		{A0625413-8BAC-4E13-9120-A27B634C2164}.Debug|Any CPU.Build.0 = Debug|Any CPU
		{A0625413-8BAC-4E13-9120-A27B634C2164}.Release|Any CPU.ActiveCfg = Release|Any CPU
		{A0625413-8BAC-4E13-9120-A27B634C2164}.Release|Any CPU.Build.0 = Release|Any CPU
		{F83A3B4E-5FBA-4482-93EE-5FFB458EB39B}.Debug|Any CPU.ActiveCfg = Debug|Any CPU
		{F83A3B4E-5FBA-4482-93EE-5FFB458EB39B}.Debug|Any CPU.Build.0 = Debug|Any CPU
		{F83A3B4E-5FBA-4482-93EE-5FFB458EB39B}.Release|Any CPU.ActiveCfg = Release|Any CPU
		{F83A3B4E-5FBA-4482-93EE-5FFB458EB39B}.Release|Any CPU.Build.0 = Release|Any CPU
	EndGlobalSection
	GlobalSection(SolutionProperties) = preSolution
		HideSolutionNode = FALSE
	EndGlobalSection
	GlobalSection(ExtensibilityGlobals) = postSolution
		SolutionGuid = {0BC3A01B-4AC0-4FFB-8B35-4B8ABEFB14A7}
	EndGlobalSection
EndGlobal
